
Microsoft Visual Studio Solution File, Format Version 12.00
# Visual Studio 15
VisualStudioVersion = 15.0.27703.2035
MinimumVisualStudioVersion = 10.0.40219.1
Project("{9A19103F-16F7-4668-BE54-9A1E7A4F7556}") = "React_Training", "React_Training.csproj", "{F7B2DBEB-AD93-4DFD-A486-C46DF4630F32}"
EndProject
Global
	GlobalSection(SolutionConfigurationPlatforms) = preSolution
		Debug|Any CPU = Debug|Any CPU
		Release|Any CPU = Release|Any CPU
	EndGlobalSection
	GlobalSection(ProjectConfigurationPlatforms) = postSolution
		{F7B2DBEB-AD93-4DFD-A486-C46DF4630F32}.Debug|Any CPU.ActiveCfg = Debug|Any CPU
		{F7B2DBEB-AD93-4DFD-A486-C46DF4630F32}.Debug|Any CPU.Build.0 = Debug|Any CPU
		{F7B2DBEB-AD93-4DFD-A486-C46DF4630F32}.Release|Any CPU.ActiveCfg = Release|Any CPU
		{F7B2DBEB-AD93-4DFD-A486-C46DF4630F32}.Release|Any CPU.Build.0 = Release|Any CPU
	EndGlobalSection
	GlobalSection(SolutionProperties) = preSolution
		HideSolutionNode = FALSE
	EndGlobalSection
	GlobalSection(ExtensibilityGlobals) = postSolution
		SolutionGuid = {C5FFB284-798C-468C-8A35-D510DE9F9B04}
	EndGlobalSection
EndGlobal
